
Microsoft Visual Studio Solution File, Format Version 12.00
# Visual Studio Version 17
VisualStudioVersion = 17.7.34024.191
MinimumVisualStudioVersion = 10.0.40219.1
Project("{FAE04EC0-301F-11D3-BF4B-00C04F79EFBC}") = "B2C2PI4_SnackBar", "B2C2PI4_SnackBar.csproj", "{F1DB02EB-66C1-43D8-AAE7-2FA02FA05F20}"
EndProject
Global
	GlobalSection(SolutionConfigurationPlatforms) = preSolution
		Debug|Any CPU = Debug|Any CPU
		Release|Any CPU = Release|Any CPU
	EndGlobalSection
	GlobalSection(ProjectConfigurationPlatforms) = postSolution
		{F1DB02EB-66C1-43D8-AAE7-2FA02FA05F20}.Debug|Any CPU.ActiveCfg = Debug|Any CPU
		{F1DB02EB-66C1-43D8-AAE7-2FA02FA05F20}.Debug|Any CPU.Build.0 = Debug|Any CPU
		{F1DB02EB-66C1-43D8-AAE7-2FA02FA05F20}.Release|Any CPU.ActiveCfg = Release|Any CPU
		{F1DB02EB-66C1-43D8-AAE7-2FA02FA05F20}.Release|Any CPU.Build.0 = Release|Any CPU
	EndGlobalSection
	GlobalSection(SolutionProperties) = preSolution
		HideSolutionNode = FALSE
	EndGlobalSection
	GlobalSection(ExtensibilityGlobals) = postSolution
		SolutionGuid = {E344983D-86FF-4751-A937-05A0BD2BB5D5}
	EndGlobalSection
EndGlobal
